// !$*UTF8*$!
{
	archiveVersion = 1;
	classes = {
	};
	objectVersion = 77;
	objects = {

/* Begin PBXContainerItemProxy section */
		B54AF2392EC0CECA0025784B /* PBXContainerItemProxy */ = {
			isa = PBXContainerItemProxy;
			containerPortal = B54AF2202EC0CEC90025784B /* Project object */;
			proxyType = 1;
			remoteGlobalIDString = B54AF2272EC0CEC90025784B;
			remoteInfo = "Tally-Ho";
		};
		B54AF2432EC0CECA0025784B /* PBXContainerItemProxy */ = {
			isa = PBXContainerItemProxy;
			containerPortal = B54AF2202EC0CEC90025784B /* Project object */;
			proxyType = 1;
			remoteGlobalIDString = B54AF2272EC0CEC90025784B;
			remoteInfo = "Tally-Ho";
		};
/* End PBXContainerItemProxy section */

/* Begin PBXBuildFile section */
/* End PBXBuildFile section */

/* Begin PBXFileReference section */
		B54AF2282EC0CEC90025784B /* Tally-Ho.app */ = {isa = PBXFileReference; explicitFileType = wrapper.application; includeInIndex = 0; path = "Tally-Ho.app"; sourceTree = BUILT_PRODUCTS_DIR; };
		B54AF2382EC0CECA0025784B /* Tally-HoTests.xctest */ = {isa = PBXFileReference; explicitFileType = wrapper.cfbundle; includeInIndex = 0; path = "Tally-HoTests.xctest"; sourceTree = BUILT_PRODUCTS_DIR; };
		B54AF2422EC0CECA0025784B /* Tally-HoUITests.xctest */ = {isa = PBXFileReference; explicitFileType = wrapper.cfbundle; includeInIndex = 0; path = "Tally-HoUITests.xctest"; sourceTree = BUILT_PRODUCTS_DIR; };
/* End PBXFileReference section */

/* Begin PBXFileSystemSynchronizedRootGroup section */
		B54AF22A2EC0CEC90025784B /* Tally-Ho */ = {
			isa = PBXFileSystemSynchronizedRootGroup;
			path = "Tally-Ho";
			sourceTree = "<group>";
		};
		B54AF23B2EC0CECA0025784B /* Tally-HoTests */ = {
			isa = PBXFileSystemSynchronizedRootGroup;
			path = "Tally-HoTests";
			sourceTree = "<group>";
		};
		B54AF2452EC0CECA0025784B /* Tally-HoUITests */ = {
			isa = PBXFileSystemSynchronizedRootGroup;
			path = "Tally-HoUITests";
			sourceTree = "<group>";
		};
/* End PBXFileSystemSynchronizedRootGroup section */

/* Begin PBXFrameworksBuildPhase section */
		B54AF2252EC0CEC90025784B /* Frameworks */ = {
			isa = PBXFrameworksBuildPhase;
			buildActionMask = 2147483647;
			files = (
			);
			runOnlyForDeploymentPostprocessing = 0;
		};
		B54AF2352EC0CECA0025784B /* Frameworks */ = {
			isa = PBXFrameworksBuildPhase;
			buildActionMask = 2147483647;
			files = (
			);
			runOnlyForDeploymentPostprocessing = 0;
		};
		B54AF23F2EC0CECA0025784B /* Frameworks */ = {
			isa = PBXFrameworksBuildPhase;
			buildActionMask = 2147483647;
			files = (
			);
			runOnlyForDeploymentPostprocessing = 0;
		};
/* End PBXFrameworksBuildPhase section */

/* Begin PBXGroup section */
		B54AF21F2EC0CEC90025784B = {
			isa = PBXGroup;
			children = (
				B54AF22A2EC0CEC90025784B /* Tally-Ho */,
				B54AF23B2EC0CECA0025784B /* Tally-HoTests */,
				B54AF2452EC0CECA0025784B /* Tally-HoUITests */,
				B54AF2292EC0CEC90025784B /* Products */,
				);
			sourceTree = "<group>";
		};
		B54AF2292EC0CEC90025784B /* Products */ = {
			isa = PBXGroup;
			children = (
				B54AF2282EC0CEC90025784B /* Tally-Ho.app */,
				B54AF2382EC0CECA0025784B /* Tally-HoTests.xctest */,
				B54AF2422EC0CECA0025784B /* Tally-HoUITests.xctest */,
			);
			name = Products;
			sourceTree = "<group>";
		};
/* End PBXGroup section */

/* Begin PBXNativeTarget section */
		B54AF2272EC0CEC90025784B /* Tally-Ho */ = {
			isa = PBXNativeTarget;
			buildConfigurationList = B54AF24C2EC0CECA0025784B /* Build configuration list for PBXNativeTarget "Tally-Ho" */;
			buildPhases = (
				B54AF2242EC0CEC90025784B /* Sources */,
				B54AF2252EC0CEC90025784B /* Frameworks */,
				B54AF2262EC0CEC90025784B /* Resources */,
			);
			buildRules = (
			);
			dependencies = (
			);
			fileSystemSynchronizedGroups = (
				B54AF22A2EC0CEC90025784B /* Tally-Ho */,
			);
			name = "Tally-Ho";
			packageProductDependencies = (
			);
			productName = "Tally-Ho";
			productReference = B54AF2282EC0CEC90025784B /* Tally-Ho.app */;
			productType = "com.apple.product-type.application";
		};
		B54AF2372EC0CECA0025784B /* Tally-HoTests */ = {
			isa = PBXNativeTarget;
			buildConfigurationList = B54AF24F2EC0CECA0025784B /* Build configuration list for PBXNativeTarget "Tally-HoTests" */;
			buildPhases = (
				B54AF2342EC0CECA0025784B /* Sources */,
				B54AF2352EC0CECA0025784B /* Frameworks */,
				B54AF2362EC0CECA0025784B /* Resources */,
			);
			buildRules = (
			);
			dependencies = (
				B54AF23A2EC0CECA0025784B /* PBXTargetDependency */,
			);
			fileSystemSynchronizedGroups = (
				B54AF23B2EC0CECA0025784B /* Tally-HoTests */,
			);
			name = "Tally-HoTests";
			packageProductDependencies = (
			);
			productName = "Tally-HoTests";
			productReference = B54AF2382EC0CECA0025784B /* Tally-HoTests.xctest */;
			productType = "com.apple.product-type.bundle.unit-test";
		};
		B54AF2412EC0CECA0025784B /* Tally-HoUITests */ = {
			isa = PBXNativeTarget;
			buildConfigurationList = B54AF2522EC0CECA0025784B /* Build configuration list for PBXNativeTarget "Tally-HoUITests" */;
			buildPhases = (
				B54AF23E2EC0CECA0025784B /* Sources */,
				B54AF23F2EC0CECA0025784B /* Frameworks */,
				B54AF2402EC0CECA0025784B /* Resources */,
			);
			buildRules = (
			);
			dependencies = (
				B54AF2442EC0CECA0025784B /* PBXTargetDependency */,
			);
			fileSystemSynchronizedGroups = (
				B54AF2452EC0CECA0025784B /* Tally-HoUITests */,
			);
			name = "Tally-HoUITests";
			packageProductDependencies = (
			);
			productName = "Tally-HoUITests";
			productReference = B54AF2422EC0CECA0025784B /* Tally-HoUITests.xctest */;
			productType = "com.apple.product-type.bundle.ui-testing";
		};
/* End PBXNativeTarget section */

/* Begin PBXProject section */
		B54AF2202EC0CEC90025784B /* Project object */ = {
			isa = PBXProject;
			attributes = {
				BuildIndependentTargetsInParallel = 1;
				LastSwiftUpdateCheck = 1620;
				LastUpgradeCheck = 1620;
				TargetAttributes = {
					B54AF2272EC0CEC90025784B = {
						CreatedOnToolsVersion = 16.2;
					};
					B54AF2372EC0CECA0025784B = {
						CreatedOnToolsVersion = 16.2;
						TestTargetID = B54AF2272EC0CEC90025784B;
					};
					B54AF2412EC0CECA0025784B = {
						CreatedOnToolsVersion = 16.2;
						TestTargetID = B54AF2272EC0CEC90025784B;
					};
				};
			};
			buildConfigurationList = B54AF2232EC0CEC90025784B /* Build configuration list for PBXProject "Tally-Ho" */;
			developmentRegion = en;
			hasScannedForEncodings = 0;
			knownRegions = (
				en,
				Base,
			);
			mainGroup = B54AF21F2EC0CEC90025784B;
			minimizedProjectReferenceProxies = 1;
			preferredProjectObjectVersion = 77;
			productRefGroup = B54AF2292EC0CEC90025784B /* Products */;
			projectDirPath = "";
			projectRoot = "";
			targets = (
				B54AF2272EC0CEC90025784B /* Tally-Ho */,
				B54AF2372EC0CECA0025784B /* Tally-HoTests */,
				B54AF2412EC0CECA0025784B /* Tally-HoUITests */,
			);
		};
/* End PBXProject section */

/* Begin PBXResourcesBuildPhase section */
		B54AF2262EC0CEC90025784B /* Resources */ = {
			isa = PBXResourcesBuildPhase;
			buildActionMask = 2147483647;
			files = (
				);
			runOnlyForDeploymentPostprocessing = 0;
		};
		B54AF2362EC0CECA0025784B /* Resources */ = {
			isa = PBXResourcesBuildPhase;
			buildActionMask = 2147483647;
			files = (
			);
			runOnlyForDeploymentPostprocessing = 0;
		};
		B54AF2402EC0CECA0025784B /* Resources */ = {
			isa = PBXResourcesBuildPhase;
			buildActionMask = 2147483647;
			files = (
			);
			runOnlyForDeploymentPostprocessing = 0;
		};
/* End PBXResourcesBuildPhase section */

/* Begin PBXSourcesBuildPhase section */
		B54AF2242EC0CEC90025784B /* Sources */ = {
			isa = PBXSourcesBuildPhase;
			buildActionMask = 2147483647;
			files = (
			);
			runOnlyForDeploymentPostprocessing = 0;
		};
		B54AF2342EC0CECA0025784B /* Sources */ = {
			isa = PBXSourcesBuildPhase;
			buildActionMask = 2147483647;
			files = (
			);
			runOnlyForDeploymentPostprocessing = 0;
		};
		B54AF23E2EC0CECA0025784B /* Sources */ = {
			isa = PBXSourcesBuildPhase;
			buildActionMask = 2147483647;
			files = (
			);
			runOnlyForDeploymentPostprocessing = 0;
		};
/* End PBXSourcesBuildPhase section */

/* Begin PBXTargetDependency section */
		B54AF23A2EC0CECA0025784B /* PBXTargetDependency */ = {
			isa = PBXTargetDependency;
			target = B54AF2272EC0CEC90025784B /* Tally-Ho */;
			targetProxy = B54AF2392EC0CECA0025784B /* PBXContainerItemProxy */;
		};
		B54AF2442EC0CECA0025784B /* PBXTargetDependency */ = {
			isa = PBXTargetDependency;
			target = B54AF2272EC0CEC90025784B /* Tally-Ho */;
			targetProxy = B54AF2432EC0CECA0025784B /* PBXContainerItemProxy */;
		};
/* End PBXTargetDependency section */

/* Begin XCBuildConfiguration section */
		B54AF24A2EC0CECA0025784B /* Debug */ = {
			isa = XCBuildConfiguration;
			buildSettings = {
				ALWAYS_SEARCH_USER_PATHS = NO;
				ASSETCATALOG_COMPILER_GENERATE_SWIFT_ASSET_SYMBOL_EXTENSIONS = YES;
				CLANG_ANALYZER_NONNULL = YES;
				CLANG_ANALYZER_NUMBER_OBJECT_CONVERSION = YES_AGGRESSIVE;
				CLANG_CXX_LANGUAGE_STANDARD = "gnu++20";
				CLANG_ENABLE_MODULES = YES;
				CLANG_ENABLE_OBJC_ARC = YES;
				CLANG_ENABLE_OBJC_WEAK = YES;
				CLANG_WARN_BLOCK_CAPTURE_AUTORELEASING = YES;
				CLANG_WARN_BOOL_CONVERSION = YES;
				CLANG_WARN_COMMA = YES;
				CLANG_WARN_CONSTANT_CONVERSION = YES;
				CLANG_WARN_DEPRECATED_OBJC_IMPLEMENTATIONS = YES;
				CLANG_WARN_DIRECT_OBJC_ISA_USAGE = YES_ERROR;
				CLANG_WARN_DOCUMENTATION_COMMENTS = YES;
				CLANG_WARN_EMPTY_BODY = YES;
				CLANG_WARN_ENUM_CONVERSION = YES;
				CLANG_WARN_INFINITE_RECURSION = YES;
				CLANG_WARN_INT_CONVERSION = YES;
				CLANG_WARN_NON_LITERAL_NULL_CONVERSION = YES;
				CLANG_WARN_OBJC_IMPLICIT_RETAIN_SELF = YES;
				CLANG_WARN_OBJC_LITERAL_CONVERSION = YES;
				CLANG_WARN_OBJC_ROOT_CLASS = YES_ERROR;
				CLANG_WARN_QUOTED_INCLUDE_IN_FRAMEWORK_HEADER = YES;
				CLANG_WARN_RANGE_LOOP_ANALYSIS = YES;
				CLANG_WARN_STRICT_PROTOTYPES = YES;
				CLANG_WARN_SUSPICIOUS_MOVE = YES;
				CLANG_WARN_UNGUARDED_AVAILABILITY = YES_AGGRESSIVE;
				CLANG_WARN_UNREACHABLE_CODE = YES;
				CLANG_WARN__DUPLICATE_METHOD_MATCH = YES;
				COPY_PHASE_STRIP = NO;
				DEBUG_INFORMATION_FORMAT = dwarf;
				ENABLE_STRICT_OBJC_MSGSEND = YES;
				ENABLE_TESTABILITY = YES;
				ENABLE_USER_SCRIPT_SANDBOXING = YES;
				GCC_C_LANGUAGE_STANDARD = gnu17;
				GCC_DYNAMIC_NO_PIC = NO;
				GCC_NO_COMMON_BLOCKS = YES;
				GCC_OPTIMIZATION_LEVEL = 0;
				GCC_PREPROCESSOR_DEFINITIONS = (
					"DEBUG=1",
					"$(inherited)",
				);
				GCC_WARN_64_TO_32_BIT_CONVERSION = YES;
				GCC_WARN_ABOUT_RETURN_TYPE = YES_ERROR;
				GCC_WARN_UNDECLARED_SELECTOR = YES;
				GCC_WARN_UNINITIALIZED_AUTOS = YES_AGGRESSIVE;
				GCC_WARN_UNUSED_FUNCTION = YES;
				GCC_WARN_UNUSED_VARIABLE = YES;
				IPHONEOS_DEPLOYMENT_TARGET = 18.0;
				LOCALIZATION_PREFERS_STRING_CATALOGS = YES;
				MTL_ENABLE_DEBUG_INFO = INCLUDE_SOURCE;
				MTL_FAST_MATH = YES;
				ONLY_ACTIVE_ARCH = YES;
				SDKROOT = iphoneos;
				SWIFT_ACTIVE_COMPILATION_CONDITIONS = "DEBUG $(inherited)";
				SWIFT_OPTIMIZATION_LEVEL = "-Onone";
			};
			name = Debug;
		};
		B54AF24B2EC0CECA0025784B /* Release */ = {
			isa = XCBuildConfiguration;
			buildSettings = {
				ALWAYS_SEARCH_USER_PATHS = NO;
				ASSETCATALOG_COMPILER_GENERATE_SWIFT_ASSET_SYMBOL_EXTENSIONS = YES;
				CLANG_ANALYZER_NONNULL = YES;
				CLANG_ANALYZER_NUMBER_OBJECT_CONVERSION = YES_AGGRESSIVE;
				CLANG_CXX_LANGUAGE_STANDARD = "gnu++20";
				CLANG_ENABLE_MODULES = YES;
				CLANG_ENABLE_OBJC_ARC = YES;
				CLANG_ENABLE_OBJC_WEAK = YES;
				CLANG_WARN_BLOCK_CAPTURE_AUTORELEASING = YES;
				CLANG_WARN_BOOL_CONVERSION = YES;
				CLANG_WARN_COMMA = YES;
				CLANG_WARN_CONSTANT_CONVERSION = YES;
				CLANG_WARN_DEPRECATED_OBJC_IMPLEMENTATIONS = YES;
				CLANG_WARN_DIRECT_OBJC_ISA_USAGE = YES_ERROR;
				CLANG_WARN_DOCUMENTATION_COMMENTS = YES;
				CLANG_WARN_EMPTY_BODY = YES;
				CLANG_WARN_ENUM_CONVERSION = YES;
				CLANG_WARN_INFINITE_RECURSION = YES;
				CLANG_WARN_INT_CONVERSION = YES;
				CLANG_WARN_NON_LITERAL_NULL_CONVERSION = YES;
				CLANG_WARN_OBJC_IMPLICIT_RETAIN_SELF = YES;
				CLANG_WARN_OBJC_LITERAL_CONVERSION = YES;
				CLANG_WARN_OBJC_ROOT_CLASS = YES_ERROR;
				CLANG_WARN_QUOTED_INCLUDE_IN_FRAMEWORK_HEADER = YES;
				CLANG_WARN_RANGE_LOOP_ANALYSIS = YES;
				CLANG_WARN_STRICT_PROTOTYPES = YES;
				CLANG_WARN_SUSPICIOUS_MOVE = YES;
				CLANG_WARN_UNGUARDED_AVAILABILITY = YES_AGGRESSIVE;
				CLANG_WARN_UNREACHABLE_CODE = YES;
				CLANG_WARN__DUPLICATE_METHOD_MATCH = YES;
				COPY_PHASE_STRIP = NO;
				DEBUG_INFORMATION_FORMAT = "dwarf-with-dsym";
				ENABLE_NS_ASSERTIONS = NO;
				ENABLE_STRICT_OBJC_MSGSEND = YES;
				ENABLE_USER_SCRIPT_SANDBOXING = YES;
				GCC_C_LANGUAGE_STANDARD = gnu17;
				GCC_NO_COMMON_BLOCKS = YES;
				GCC_WARN_64_TO_32_BIT_CONVERSION = YES;
				GCC_WARN_ABOUT_RETURN_TYPE = YES_ERROR;
				GCC_WARN_UNDECLARED_SELECTOR = YES;
				GCC_WARN_UNINITIALIZED_AUTOS = YES_AGGRESSIVE;
				GCC_WARN_UNUSED_FUNCTION = YES;
				GCC_WARN_UNUSED_VARIABLE = YES;
				IPHONEOS_DEPLOYMENT_TARGET = 18.0;
				LOCALIZATION_PREFERS_STRING_CATALOGS = YES;
				MTL_ENABLE_DEBUG_INFO = NO;
				MTL_FAST_MATH = YES;
				SDKROOT = iphoneos;
				SWIFT_COMPILATION_MODE = wholemodule;
				VALIDATE_PRODUCT = YES;
			};
			name = Release;
		};
		B54AF24D2EC0CECA0025784B /* Debug */ = {
			isa = XCBuildConfiguration;
			buildSettings = {
				ASSETCATALOG_COMPILER_APPICON_NAME = AppIcon;
				ASSETCATALOG_COMPILER_GLOBAL_ACCENT_COLOR_NAME = AccentColor;
				CODE_SIGN_STYLE = Automatic;
				CURRENT_PROJECT_VERSION = 227;
				DEVELOPMENT_ASSET_PATHS = "\"Tally-Ho/Preview Content\"";
				DEVELOPMENT_TEAM = QVLT3KZ5QL;
				ENABLE_PREVIEWS = YES;
				GENERATE_INFOPLIST_FILE = YES;
				INFOPLIST_KEY_CFBundleIconName = AppIcon;
				INFOPLIST_KEY_NSCameraUsageDescription = "TallyOh uses the camera for augmented reality to display nearby aircraft and airports overlaid on your real-world view.";
				INFOPLIST_KEY_NSLocalNetworkUsageDescription = "TallyOh listens on the local Wi-Fi network to receive ADS-B traffic data from a connected device such as ForeFlight Sentry.";
				INFOPLIST_KEY_NSLocationWhenInUseUsageDescription = "TallyOh uses your location to show nearby aircraft and airports in augmented reality around you.";
				INFOPLIST_KEY_NSMotionUsageDescription = "TallyOh uses the barometric altimeter to accurately track your altitude for AR aircraft positioning.";
				INFOPLIST_KEY_UIApplicationSupportsIndirectInputEvents = YES;
				INFOPLIST_KEY_UIFileSharingEnabled = YES;
				INFOPLIST_KEY_UILaunchScreen_Generation = YES;
				INFOPLIST_KEY_UISupportedInterfaceOrientations_iPad = "UIInterfaceOrientationPortrait UIInterfaceOrientationPortraitUpsideDown UIInterfaceOrientationLandscapeLeft UIInterfaceOrientationLandscapeRight";
				INFOPLIST_KEY_UISupportedInterfaceOrientations_iPhone = "UIInterfaceOrientationPortrait UIInterfaceOrientationLandscapeLeft UIInterfaceOrientationLandscapeRight";
				LD_RUNPATH_SEARCH_PATHS = (
					"$(inherited)",
					"@executable_path/Frameworks",
				);
				INFOPLIST_KEY_LSSupportsOpeningDocumentsInPlace = YES;
				MARKETING_VERSION = 1.0;
				PRODUCT_BUNDLE_IDENTIFIER = "com.simon.tallyoh";
				PRODUCT_NAME = "$(TARGET_NAME)";
				SWIFT_EMIT_LOC_STRINGS = YES;
				SWIFT_VERSION = 5.0;
				TARGETED_DEVICE_FAMILY = "1,2";
			};
			name = Debug;
		};
		B54AF24E2EC0CECA0025784B /* Release */ = {
			isa = XCBuildConfiguration;
			buildSettings = {
				ASSETCATALOG_COMPILER_APPICON_NAME = AppIcon;
				ASSETCATALOG_COMPILER_GLOBAL_ACCENT_COLOR_NAME = AccentColor;
				CODE_SIGN_STYLE = Automatic;
				CURRENT_PROJECT_VERSION = 227;
				DEVELOPMENT_ASSET_PATHS = "\"Tally-Ho/Preview Content\"";
				DEVELOPMENT_TEAM = QVLT3KZ5QL;
				ENABLE_PREVIEWS = YES;
				GENERATE_INFOPLIST_FILE = YES;
				INFOPLIST_KEY_CFBundleIconName = AppIcon;
				INFOPLIST_KEY_NSCameraUsageDescription = "TallyOh uses the camera for augmented reality to display nearby aircraft and airports overlaid on your real-world view.";
				INFOPLIST_KEY_NSLocalNetworkUsageDescription = "TallyOh listens on the local Wi-Fi network to receive ADS-B traffic data from a connected device such as ForeFlight Sentry.";
				INFOPLIST_KEY_NSLocationWhenInUseUsageDescription = "TallyOh uses your location to show nearby aircraft and airports in augmented reality around you.";
				INFOPLIST_KEY_NSMotionUsageDescription = "TallyOh uses the barometric altimeter to accurately track your altitude for AR aircraft positioning.";
				INFOPLIST_KEY_UIApplicationSupportsIndirectInputEvents = YES;
				INFOPLIST_KEY_UIFileSharingEnabled = YES;
				INFOPLIST_KEY_UILaunchScreen_Generation = YES;
				INFOPLIST_KEY_UISupportedInterfaceOrientations_iPad = "UIInterfaceOrientationPortrait UIInterfaceOrientationPortraitUpsideDown UIInterfaceOrientationLandscapeLeft UIInterfaceOrientationLandscapeRight";
				INFOPLIST_KEY_UISupportedInterfaceOrientations_iPhone = "UIInterfaceOrientationPortrait UIInterfaceOrientationLandscapeLeft UIInterfaceOrientationLandscapeRight";
				LD_RUNPATH_SEARCH_PATHS = (
					"$(inherited)",
					"@executable_path/Frameworks",
				);
				INFOPLIST_KEY_LSSupportsOpeningDocumentsInPlace = YES;
				MARKETING_VERSION = 1.0;
				PRODUCT_BUNDLE_IDENTIFIER = "com.simon.tallyoh";
				PRODUCT_NAME = "$(TARGET_NAME)";
				SWIFT_EMIT_LOC_STRINGS = YES;
				SWIFT_VERSION = 5.0;
				TARGETED_DEVICE_FAMILY = "1,2";
			};
			name = Release;
		};
		B54AF2502EC0CECA0025784B /* Debug */ = {
			isa = XCBuildConfiguration;
			buildSettings = {
				BUNDLE_LOADER = "$(TEST_HOST)";
				CODE_SIGN_STYLE = Automatic;
				CURRENT_PROJECT_VERSION = 227;
				DEVELOPMENT_TEAM = QVLT3KZ5QL;
				GENERATE_INFOPLIST_FILE = YES;
				IPHONEOS_DEPLOYMENT_TARGET = 18.0;
				MARKETING_VERSION = 1.0;
				PRODUCT_BUNDLE_IDENTIFIER = "com.simon.tallyohTests";
				PRODUCT_NAME = "$(TARGET_NAME)";
				SWIFT_EMIT_LOC_STRINGS = NO;
				SWIFT_VERSION = 5.0;
				TARGETED_DEVICE_FAMILY = "1,2";
				TEST_HOST = "$(BUILT_PRODUCTS_DIR)/Tally-Ho.app/$(BUNDLE_EXECUTABLE_FOLDER_PATH)/Tally-Ho";
			};
			name = Debug;
		};
		B54AF2512EC0CECA0025784B /* Release */ = {
			isa = XCBuildConfiguration;
			buildSettings = {
				BUNDLE_LOADER = "$(TEST_HOST)";
				CODE_SIGN_STYLE = Automatic;
				CURRENT_PROJECT_VERSION = 227;
				DEVELOPMENT_TEAM = QVLT3KZ5QL;
				GENERATE_INFOPLIST_FILE = YES;
				IPHONEOS_DEPLOYMENT_TARGET = 18.0;
				MARKETING_VERSION = 1.0;
				PRODUCT_BUNDLE_IDENTIFIER = "com.simon.tallyohTests";
				PRODUCT_NAME = "$(TARGET_NAME)";
				SWIFT_EMIT_LOC_STRINGS = NO;
				SWIFT_VERSION = 5.0;
				TARGETED_DEVICE_FAMILY = "1,2";
				TEST_HOST = "$(BUILT_PRODUCTS_DIR)/Tally-Ho.app/$(BUNDLE_EXECUTABLE_FOLDER_PATH)/Tally-Ho";
			};
			name = Release;
		};
		B54AF2532EC0CECA0025784B /* Debug */ = {
			isa = XCBuildConfiguration;
			buildSettings = {
				CODE_SIGN_STYLE = Automatic;
				CURRENT_PROJECT_VERSION = 227;
				DEVELOPMENT_TEAM = QVLT3KZ5QL;
				GENERATE_INFOPLIST_FILE = YES;
				MARKETING_VERSION = 1.0;
				PRODUCT_BUNDLE_IDENTIFIER = "com.simon.tallyohUITests";
				PRODUCT_NAME = "$(TARGET_NAME)";
				SWIFT_EMIT_LOC_STRINGS = NO;
				SWIFT_VERSION = 5.0;
				TARGETED_DEVICE_FAMILY = "1,2";
				TEST_TARGET_NAME = "Tally-Ho";
			};
			name = Debug;
		};
		B54AF2542EC0CECA0025784B /* Release */ = {
			isa = XCBuildConfiguration;
			buildSettings = {
				CODE_SIGN_STYLE = Automatic;
				CURRENT_PROJECT_VERSION = 227;
				DEVELOPMENT_TEAM = QVLT3KZ5QL;
				GENERATE_INFOPLIST_FILE = YES;
				MARKETING_VERSION = 1.0;
				PRODUCT_BUNDLE_IDENTIFIER = "com.simon.tallyohUITests";
				PRODUCT_NAME = "$(TARGET_NAME)";
				SWIFT_EMIT_LOC_STRINGS = NO;
				SWIFT_VERSION = 5.0;
				TARGETED_DEVICE_FAMILY = "1,2";
				TEST_TARGET_NAME = "Tally-Ho";
			};
			name = Release;
		};
/* End XCBuildConfiguration section */

/* Begin XCConfigurationList section */
		B54AF2232EC0CEC90025784B /* Build configuration list for PBXProject "Tally-Ho" */ = {
			isa = XCConfigurationList;
			buildConfigurations = (
				B54AF24A2EC0CECA0025784B /* Debug */,
				B54AF24B2EC0CECA0025784B /* Release */,
			);
			defaultConfigurationIsVisible = 0;
			defaultConfigurationName = Release;
		};
		B54AF24C2EC0CECA0025784B /* Build configuration list for PBXNativeTarget "Tally-Ho" */ = {
			isa = XCConfigurationList;
			buildConfigurations = (
				B54AF24D2EC0CECA0025784B /* Debug */,
				B54AF24E2EC0CECA0025784B /* Release */,
			);
			defaultConfigurationIsVisible = 0;
			defaultConfigurationName = Release;
		};
		B54AF24F2EC0CECA0025784B /* Build configuration list for PBXNativeTarget "Tally-HoTests" */ = {
			isa = XCConfigurationList;
			buildConfigurations = (
				B54AF2502EC0CECA0025784B /* Debug */,
				B54AF2512EC0CECA0025784B /* Release */,
			);
			defaultConfigurationIsVisible = 0;
			defaultConfigurationName = Release;
		};
		B54AF2522EC0CECA0025784B /* Build configuration list for PBXNativeTarget "Tally-HoUITests" */ = {
			isa = XCConfigurationList;
			buildConfigurations = (
				B54AF2532EC0CECA0025784B /* Debug */,
				B54AF2542EC0CECA0025784B /* Release */,
			);
			defaultConfigurationIsVisible = 0;
			defaultConfigurationName = Release;
		};
/* End XCConfigurationList section */
	};
	rootObject = B54AF2202EC0CEC90025784B /* Project object */;
}
